
Microsoft Visual Studio Solution File, Format Version 12.00
# Visual Studio Version 17
VisualStudioVersion = 17.3.32901.215
MinimumVisualStudioVersion = 10.0.40219.1
Project("{9A19103F-16F7-4668-BE54-9A1E7A4F7556}") = "TestApiNet6", "TestApiNet6.csproj", "{16A6F445-9A5A-4751-91CD-7B9A2257415F}"
EndProject
Project("{9A19103F-16F7-4668-BE54-9A1E7A4F7556}") = "MODEL", "..\MODEL\MODEL.csproj", "{B6B7829E-1317-4311-8BD4-753F3442FEB3}"
EndProject
Project("{9A19103F-16F7-4668-BE54-9A1E7A4F7556}") = "DATA", "..\DATA\DATA.csproj", "{7121E85D-E7F6-49C7-B147-481BCBC88AB3}"
EndProject
Global
	GlobalSection(SolutionConfigurationPlatforms) = preSolution
		Debug|Any CPU = Debug|Any CPU
		Release|Any CPU = Release|Any CPU
	EndGlobalSection
	GlobalSection(ProjectConfigurationPlatforms) = postSolution
		{16A6F445-9A5A-4751-91CD-7B9A2257415F}.Debug|Any CPU.ActiveCfg = Debug|Any CPU
		{16A6F445-9A5A-4751-91CD-7B9A2257415F}.Debug|Any CPU.Build.0 = Debug|Any CPU
		{16A6F445-9A5A-4751-91CD-7B9A2257415F}.Release|Any CPU.ActiveCfg = Release|Any CPU
		{16A6F445-9A5A-4751-91CD-7B9A2257415F}.Release|Any CPU.Build.0 = Release|Any CPU
		{B6B7829E-1317-4311-8BD4-753F3442FEB3}.Debug|Any CPU.ActiveCfg = Debug|Any CPU
		{B6B7829E-1317-4311-8BD4-753F3442FEB3}.Debug|Any CPU.Build.0 = Debug|Any CPU
		{B6B7829E-1317-4311-8BD4-753F3442FEB3}.Release|Any CPU.ActiveCfg = Release|Any CPU
		{B6B7829E-1317-4311-8BD4-753F3442FEB3}.Release|Any CPU.Build.0 = Release|Any CPU
		{7121E85D-E7F6-49C7-B147-481BCBC88AB3}.Debug|Any CPU.ActiveCfg = Debug|Any CPU
		{7121E85D-E7F6-49C7-B147-481BCBC88AB3}.Debug|Any CPU.Build.0 = Debug|Any CPU
		{7121E85D-E7F6-49C7-B147-481BCBC88AB3}.Release|Any CPU.ActiveCfg = Release|Any CPU
		{7121E85D-E7F6-49C7-B147-481BCBC88AB3}.Release|Any CPU.Build.0 = Release|Any CPU
	EndGlobalSection
	GlobalSection(SolutionProperties) = preSolution
		HideSolutionNode = FALSE
	EndGlobalSection
	GlobalSection(ExtensibilityGlobals) = postSolution
		SolutionGuid = {521FD798-0270-48ED-9243-F37047AFB998}
	EndGlobalSection
EndGlobal
